
Microsoft Visual Studio Solution File, Format Version 12.00
# Visual Studio Version 17
VisualStudioVersion = 17.1.32210.238
MinimumVisualStudioVersion = 10.0.40219.1
Project("{9A19103F-16F7-4668-BE54-9A1E7A4F7556}") = "WebAppMVCCore6", "WebAppMVCCore6.csproj", "{8D6E9A4E-2795-4372-8C5A-A3818FE25CA4}"
EndProject
Global
	GlobalSection(SolutionConfigurationPlatforms) = preSolution
		Debug|Any CPU = Debug|Any CPU
		Release|Any CPU = Release|Any CPU
	EndGlobalSection
	GlobalSection(ProjectConfigurationPlatforms) = postSolution
		{8D6E9A4E-2795-4372-8C5A-A3818FE25CA4}.Debug|Any CPU.ActiveCfg = Debug|Any CPU
		{8D6E9A4E-2795-4372-8C5A-A3818FE25CA4}.Debug|Any CPU.Build.0 = Debug|Any CPU
		{8D6E9A4E-2795-4372-8C5A-A3818FE25CA4}.Release|Any CPU.ActiveCfg = Release|Any CPU
		{8D6E9A4E-2795-4372-8C5A-A3818FE25CA4}.Release|Any CPU.Build.0 = Release|Any CPU
	EndGlobalSection
	GlobalSection(SolutionProperties) = preSolution
		HideSolutionNode = FALSE
	EndGlobalSection
	GlobalSection(ExtensibilityGlobals) = postSolution
		SolutionGuid = {6B198F05-727C-4ED5-BEEA-07F961F0B51F}
	EndGlobalSection
EndGlobal
